
Microsoft Visual Studio Solution File, Format Version 12.00
# Visual Studio Version 17
VisualStudioVersion = 17.10.35122.118
MinimumVisualStudioVersion = 10.0.40219.1
Project("{FAE04EC0-301F-11D3-BF4B-00C04F79EFBC}") = "InClass11142024", "InClass11142024\InClass11142024.csproj", "{FCD3B03E-DFB3-40F8-9CB9-9F371B8CFECC}"
EndProject
Global
	GlobalSection(SolutionConfigurationPlatforms) = preSolution
		Debug|Any CPU = Debug|Any CPU
		Release|Any CPU = Release|Any CPU
	EndGlobalSection
	GlobalSection(ProjectConfigurationPlatforms) = postSolution
		{FCD3B03E-DFB3-40F8-9CB9-9F371B8CFECC}.Debug|Any CPU.ActiveCfg = Debug|Any CPU
		{FCD3B03E-DFB3-40F8-9CB9-9F371B8CFECC}.Debug|Any CPU.Build.0 = Debug|Any CPU
		{FCD3B03E-DFB3-40F8-9CB9-9F371B8CFECC}.Release|Any CPU.ActiveCfg = Release|Any CPU
		{FCD3B03E-DFB3-40F8-9CB9-9F371B8CFECC}.Release|Any CPU.Build.0 = Release|Any CPU
	EndGlobalSection
	GlobalSection(SolutionProperties) = preSolution
		HideSolutionNode = FALSE
	EndGlobalSection
	GlobalSection(ExtensibilityGlobals) = postSolution
		SolutionGuid = {A0AFA7D6-167C-472F-896C-7F4A5BB4A719}
	EndGlobalSection
EndGlobal
